
Microsoft Visual Studio Solution File, Format Version 12.00
# Visual Studio Version 17
VisualStudioVersion = 17.3.32929.385
MinimumVisualStudioVersion = 10.0.40219.1
Project("{FAE04EC0-301F-11D3-BF4B-00C04F79EFBC}") = "ÜL2", "ÜL2\ÜL2.csproj", "{B3DFDA58-362C-4676-B982-ACBC10491281}"
EndProject
Global
	GlobalSection(SolutionConfigurationPlatforms) = preSolution
		Debug|Any CPU = Debug|Any CPU
		Release|Any CPU = Release|Any CPU
	EndGlobalSection
	GlobalSection(ProjectConfigurationPlatforms) = postSolution
		{B3DFDA58-362C-4676-B982-ACBC10491281}.Debug|Any CPU.ActiveCfg = Debug|Any CPU
		{B3DFDA58-362C-4676-B982-ACBC10491281}.Debug|Any CPU.Build.0 = Debug|Any CPU
		{B3DFDA58-362C-4676-B982-ACBC10491281}.Release|Any CPU.ActiveCfg = Release|Any CPU
		{B3DFDA58-362C-4676-B982-ACBC10491281}.Release|Any CPU.Build.0 = Release|Any CPU
	EndGlobalSection
	GlobalSection(SolutionProperties) = preSolution
		HideSolutionNode = FALSE
	EndGlobalSection
	GlobalSection(ExtensibilityGlobals) = postSolution
		SolutionGuid = {1F5002E2-19D7-47BA-B3EA-448EC3F7B8D4}
	EndGlobalSection
EndGlobal
